
Microsoft Visual Studio Solution File, Format Version 12.00
# Visual Studio 15
VisualStudioVersion = 15.0.28010.2046
MinimumVisualStudioVersion = 10.0.40219.1
Project("{FAE04EC0-301F-11D3-BF4B-00C04F79EFBC}") = "PossoAjudarBot.Trigger", "PossoAjudarBot.Trigger\PossoAjudarBot.Trigger.csproj", "{850A17C5-F140-45A0-AAFB-77CFD6BBF1A8}"
EndProject
Global
	GlobalSection(SolutionConfigurationPlatforms) = preSolution
		Debug|Any CPU = Debug|Any CPU
		Release|Any CPU = Release|Any CPU
	EndGlobalSection
	GlobalSection(ProjectConfigurationPlatforms) = postSolution
		{850A17C5-F140-45A0-AAFB-77CFD6BBF1A8}.Debug|Any CPU.ActiveCfg = Debug|Any CPU
		{850A17C5-F140-45A0-AAFB-77CFD6BBF1A8}.Debug|Any CPU.Build.0 = Debug|Any CPU
		{850A17C5-F140-45A0-AAFB-77CFD6BBF1A8}.Release|Any CPU.ActiveCfg = Release|Any CPU
		{850A17C5-F140-45A0-AAFB-77CFD6BBF1A8}.Release|Any CPU.Build.0 = Release|Any CPU
	EndGlobalSection
	GlobalSection(SolutionProperties) = preSolution
		HideSolutionNode = FALSE
	EndGlobalSection
	GlobalSection(ExtensibilityGlobals) = postSolution
		SolutionGuid = {E71D6D86-9097-4E38-BDF5-0D5D7C70B9E1}
	EndGlobalSection
EndGlobal
